github.com/aws/smithy-go/aws-http-auth v1.2.1 h1:uRP2q0BGnhpE1/8iriH3yHVMCg6nhFNaVCDvKYPQVmQ=
github.com/aws/smithy-go/aws-http-auth v1.2.1/go.mod h1:KL46VTjVK9De3jurMqDLBkXCP9vrAvD03zQrmyzyrQ0=
golang.org/x/oauth2 v0.36.0 h1:peZ/1z27fi9hUOFCAZaHyrpWG5lwe0RJEEEeH0ThlIs=
golang.org/x/oauth2 v0.36.0/go.mod h1:YDBUJMTkDnJS+A4BP4eZBjCqtokkg1hODuPjwiGPO7Q=
